
Microsoft Visual Studio Solution File, Format Version 12.00
# Visual Studio Version 17
VisualStudioVersion = 17.12.35323.107
MinimumVisualStudioVersion = 10.0.40219.1
Project("{FAE04EC0-301F-11D3-BF4B-00C04F79EFBC}") = "TelemetryApi", "TelemetryApi\TelemetryApi.csproj", "{5B8D7845-62EC-4797-A492-4151363DC17F}"
EndProject
Global
	GlobalSection(SolutionConfigurationPlatforms) = preSolution
		Debug|Any CPU = Debug|Any CPU
		Release|Any CPU = Release|Any CPU
	EndGlobalSection
	GlobalSection(ProjectConfigurationPlatforms) = postSolution
		{5B8D7845-62EC-4797-A492-4151363DC17F}.Debug|Any CPU.ActiveCfg = Debug|Any CPU
		{5B8D7845-62EC-4797-A492-4151363DC17F}.Debug|Any CPU.Build.0 = Debug|Any CPU
		{5B8D7845-62EC-4797-A492-4151363DC17F}.Release|Any CPU.ActiveCfg = Release|Any CPU
		{5B8D7845-62EC-4797-A492-4151363DC17F}.Release|Any CPU.Build.0 = Release|Any CPU
	EndGlobalSection
	GlobalSection(SolutionProperties) = preSolution
		HideSolutionNode = FALSE
	EndGlobalSection
	GlobalSection(ExtensibilityGlobals) = postSolution
		SolutionGuid = {B9866F86-AEC2-4988-A6AA-D4412F21549F}
	EndGlobalSection
EndGlobal
